// !$*UTF8*$!
{
	archiveVersion = 1;
	classes = {
	};
	objectVersion = 50;
	objects = {

/* Begin PBXBuildFile section */
		E94768242537415E0084D9DB /* CustomAlerts.swift in Sources */ = {isa = PBXBuildFile; fileRef = E94768232537415E0084D9DB /* CustomAlerts.swift */; };
		E94F7EBF2539C68B00D7DA7A /* CloudKit.framework in Frameworks */ = {isa = PBXBuildFile; fileRef = E94F7EBE2539C68B00D7DA7A /* CloudKit.framework */; };
		E96E9359253723A2007267FC /* AppDelegate.swift in Sources */ = {isa = PBXBuildFile; fileRef = E96E9358253723A2007267FC /* AppDelegate.swift */; };
		E96E935B253723A2007267FC /* SceneDelegate.swift in Sources */ = {isa = PBXBuildFile; fileRef = E96E935A253723A2007267FC /* SceneDelegate.swift */; };
		E96E935D253723A2007267FC /* ListDetailController.swift in Sources */ = {isa = PBXBuildFile; fileRef = E96E935C253723A2007267FC /* ListDetailController.swift */; };
		E96E9363253723A2007267FC /* ShoppingList.xcdatamodeld in Sources */ = {isa = PBXBuildFile; fileRef = E96E9361253723A2007267FC /* ShoppingList.xcdatamodeld */; };
		E96E9365253723A2007267FC /* Assets.xcassets in Resources */ = {isa = PBXBuildFile; fileRef = E96E9364253723A2007267FC /* Assets.xcassets */; };
		E96E9368253723A2007267FC /* LaunchScreen.storyboard in Resources */ = {isa = PBXBuildFile; fileRef = E96E9366253723A2007267FC /* LaunchScreen.storyboard */; };
		E96E937325372503007267FC /* ListDetailView.swift in Sources */ = {isa = PBXBuildFile; fileRef = E96E937225372503007267FC /* ListDetailView.swift */; };
		E96E9377253728E0007267FC /* CoreDataManager.swift in Sources */ = {isa = PBXBuildFile; fileRef = E96E9376253728E0007267FC /* CoreDataManager.swift */; };
		E98EC7302541B7F5001102D3 /* Item+CoreDataClass.swift in Sources */ = {isa = PBXBuildFile; fileRef = E98EC72E2541B7F5001102D3 /* Item+CoreDataClass.swift */; };
		E98EC7312541B7F5001102D3 /* Item+CoreDataProperties.swift in Sources */ = {isa = PBXBuildFile; fileRef = E98EC72F2541B7F5001102D3 /* Item+CoreDataProperties.swift */; };
/* End PBXBuildFile section */

/* Begin PBXFileReference section */
		E94768232537415E0084D9DB /* CustomAlerts.swift */ = {isa = PBXFileReference; lastKnownFileType = sourcecode.swift; path = CustomAlerts.swift; sourceTree = "<group>"; };
		E94F7EBB2539C65E00D7DA7A /* ShoppingList.entitlements */ = {isa = PBXFileReference; lastKnownFileType = text.plist.entitlements; path = ShoppingList.entitlements; sourceTree = "<group>"; };
		E94F7EBE2539C68B00D7DA7A /* CloudKit.framework */ = {isa = PBXFileReference; lastKnownFileType = wrapper.framework; name = CloudKit.framework; path = System/Library/Frameworks/CloudKit.framework; sourceTree = SDKROOT; };
		E96E9355253723A2007267FC /* ShoppingList.app */ = {isa = PBXFileReference; explicitFileType = wrapper.application; includeInIndex = 0; path = ShoppingList.app; sourceTree = BUILT_PRODUCTS_DIR; };
		E96E9358253723A2007267FC /* AppDelegate.swift */ = {isa = PBXFileReference; lastKnownFileType = sourcecode.swift; path = AppDelegate.swift; sourceTree = "<group>"; };
		E96E935A253723A2007267FC /* SceneDelegate.swift */ = {isa = PBXFileReference; lastKnownFileType = sourcecode.swift; path = SceneDelegate.swift; sourceTree = "<group>"; };
		E96E935C253723A2007267FC /* ListDetailController.swift */ = {isa = PBXFileReference; lastKnownFileType = sourcecode.swift; path = ListDetailController.swift; sourceTree = "<group>"; };
		E96E9362253723A2007267FC /* ShoppingList.xcdatamodel */ = {isa = PBXFileReference; lastKnownFileType = wrapper.xcdatamodel; path = ShoppingList.xcdatamodel; sourceTree = "<group>"; };
		E96E9364253723A2007267FC /* Assets.xcassets */ = {isa = PBXFileReference; lastKnownFileType = folder.assetcatalog; path = Assets.xcassets; sourceTree = "<group>"; };
		E96E9367253723A2007267FC /* Base */ = {isa = PBXFileReference; lastKnownFileType = file.storyboard; name = Base; path = Base.lproj/LaunchScreen.storyboard; sourceTree = "<group>"; };
		E96E9369253723A2007267FC /* Info.plist */ = {isa = PBXFileReference; lastKnownFileType = text.plist.xml; path = Info.plist; sourceTree = "<group>"; };
		E96E937225372503007267FC /* ListDetailView.swift */ = {isa = PBXFileReference; lastKnownFileType = sourcecode.swift; path = ListDetailView.swift; sourceTree = "<group>"; };
		E96E9376253728E0007267FC /* CoreDataManager.swift */ = {isa = PBXFileReference; lastKnownFileType = sourcecode.swift; path = CoreDataManager.swift; sourceTree = "<group>"; };
		E98EC72E2541B7F5001102D3 /* Item+CoreDataClass.swift */ = {isa = PBXFileReference; lastKnownFileType = sourcecode.swift; path = "Item+CoreDataClass.swift"; sourceTree = "<group>"; };
		E98EC72F2541B7F5001102D3 /* Item+CoreDataProperties.swift */ = {isa = PBXFileReference; lastKnownFileType = sourcecode.swift; path = "Item+CoreDataProperties.swift"; sourceTree = "<group>"; };
/* End PBXFileReference section */

/* Begin PBXFrameworksBuildPhase section */
		E96E9352253723A2007267FC /* Frameworks */ = {
			isa = PBXFrameworksBuildPhase;
			buildActionMask = 2147483647;
			files = (
				E94F7EBF2539C68B00D7DA7A /* CloudKit.framework in Frameworks */,
			);
			runOnlyForDeploymentPostprocessing = 0;
		};
/* End PBXFrameworksBuildPhase section */

/* Begin PBXGroup section */
		E948F4C3253F30AB00578529 /* Controller */ = {
			isa = PBXGroup;
			children = (
				E96E935C253723A2007267FC /* ListDetailController.swift */,
			);
			path = Controller;
			sourceTree = "<group>";
		};
		E948F4C4253F30B200578529 /* View */ = {
			isa = PBXGroup;
			children = (
				E96E9366253723A2007267FC /* LaunchScreen.storyboard */,
				E94768232537415E0084D9DB /* CustomAlerts.swift */,
				E96E937225372503007267FC /* ListDetailView.swift */,
				E96E9364253723A2007267FC /* Assets.xcassets */,
			);
			path = View;
			sourceTree = "<group>";
		};
		E948F4C5253F30ED00578529 /* Model */ = {
			isa = PBXGroup;
			children = (
				E98EC72F2541B7F5001102D3 /* Item+CoreDataProperties.swift */,
				E98EC72E2541B7F5001102D3 /* Item+CoreDataClass.swift */,
				E96E9376253728E0007267FC /* CoreDataManager.swift */,
				E96E9361253723A2007267FC /* ShoppingList.xcdatamodeld */,
			);
			path = Model;
			sourceTree = "<group>";
		};
		E94F7EBD2539C68B00D7DA7A /* Frameworks */ = {
			isa = PBXGroup;
			children = (
				E94F7EBE2539C68B00D7DA7A /* CloudKit.framework */,
			);
			name = Frameworks;
			sourceTree = "<group>";
		};
		E96E934C253723A2007267FC = {
			isa = PBXGroup;
			children = (
				E96E9357253723A2007267FC /* ShoppingList */,
				E96E9356253723A2007267FC /* Products */,
				E94F7EBD2539C68B00D7DA7A /* Frameworks */,
			);
			sourceTree = "<group>";
		};
		E96E9356253723A2007267FC /* Products */ = {
			isa = PBXGroup;
			children = (
				E96E9355253723A2007267FC /* ShoppingList.app */,
			);
			name = Products;
			sourceTree = "<group>";
		};
		E96E9357253723A2007267FC /* ShoppingList */ = {
			isa = PBXGroup;
			children = (
				E948F4C5253F30ED00578529 /* Model */,
				E948F4C4253F30B200578529 /* View */,
				E948F4C3253F30AB00578529 /* Controller */,
				E94F7EBB2539C65E00D7DA7A /* ShoppingList.entitlements */,
				E96E9358253723A2007267FC /* AppDelegate.swift */,
				E96E935A253723A2007267FC /* SceneDelegate.swift */,
				E96E9369253723A2007267FC /* Info.plist */,
			);
			path = ShoppingList;
			sourceTree = "<group>";
		};
/* End PBXGroup section */

/* Begin PBXNativeTarget section */
		E96E9354253723A2007267FC /* ShoppingList */ = {
			isa = PBXNativeTarget;
			buildConfigurationList = E96E936C253723A2007267FC /* Build configuration list for PBXNativeTarget "ShoppingList" */;
			buildPhases = (
				E96E9351253723A2007267FC /* Sources */,
				E96E9352253723A2007267FC /* Frameworks */,
				E96E9353253723A2007267FC /* Resources */,
			);
			buildRules = (
			);
			dependencies = (
			);
			name = ShoppingList;
			productName = ShoppingList;
			productReference = E96E9355253723A2007267FC /* ShoppingList.app */;
			productType = "com.apple.product-type.application";
		};
/* End PBXNativeTarget section */

/* Begin PBXProject section */
		E96E934D253723A2007267FC /* Project object */ = {
			isa = PBXProject;
			attributes = {
				LastSwiftUpdateCheck = 1200;
				LastUpgradeCheck = 1200;
				TargetAttributes = {
					E96E9354253723A2007267FC = {
						CreatedOnToolsVersion = 12.0.1;
					};
				};
			};
			buildConfigurationList = E96E9350253723A2007267FC /* Build configuration list for PBXProject "ShoppingList" */;
			compatibilityVersion = "Xcode 9.3";
			developmentRegion = en;
			hasScannedForEncodings = 0;
			knownRegions = (
				en,
				Base,
			);
			mainGroup = E96E934C253723A2007267FC;
			productRefGroup = E96E9356253723A2007267FC /* Products */;
			projectDirPath = "";
			projectRoot = "";
			targets = (
				E96E9354253723A2007267FC /* ShoppingList */,
			);
		};
/* End PBXProject section */

/* Begin PBXResourcesBuildPhase section */
		E96E9353253723A2007267FC /* Resources */ = {
			isa = PBXResourcesBuildPhase;
			buildActionMask = 2147483647;
			files = (
				E96E9368253723A2007267FC /* LaunchScreen.storyboard in Resources */,
				E96E9365253723A2007267FC /* Assets.xcassets in Resources */,
			);
			runOnlyForDeploymentPostprocessing = 0;
		};
/* End PBXResourcesBuildPhase section */

/* Begin PBXSourcesBuildPhase section */
		E96E9351253723A2007267FC /* Sources */ = {
			isa = PBXSourcesBuildPhase;
			buildActionMask = 2147483647;
			files = (
				E96E9377253728E0007267FC /* CoreDataManager.swift in Sources */,
				E96E935D253723A2007267FC /* ListDetailController.swift in Sources */,
				E94768242537415E0084D9DB /* CustomAlerts.swift in Sources */,
				E96E9363253723A2007267FC /* ShoppingList.xcdatamodeld in Sources */,
				E96E937325372503007267FC /* ListDetailView.swift in Sources */,
				E96E9359253723A2007267FC /* AppDelegate.swift in Sources */,
				E98EC7312541B7F5001102D3 /* Item+CoreDataProperties.swift in Sources */,
				E98EC7302541B7F5001102D3 /* Item+CoreDataClass.swift in Sources */,
				E96E935B253723A2007267FC /* SceneDelegate.swift in Sources */,
			);
			runOnlyForDeploymentPostprocessing = 0;
		};
/* End PBXSourcesBuildPhase section */

/* Begin PBXVariantGroup section */
		E96E9366253723A2007267FC /* LaunchScreen.storyboard */ = {
			isa = PBXVariantGroup;
			children = (
				E96E9367253723A2007267FC /* Base */,
			);
			name = LaunchScreen.storyboard;
			sourceTree = "<group>";
		};
/* End PBXVariantGroup section */

/* Begin XCBuildConfiguration section */
		E96E936A253723A2007267FC /* Debug */ = {
			isa = XCBuildConfiguration;
			buildSettings = {
				ALWAYS_SEARCH_USER_PATHS = NO;
				CLANG_ANALYZER_NONNULL = YES;
				CLANG_ANALYZER_NUMBER_OBJECT_CONVERSION = YES_AGGRESSIVE;
				CLANG_CXX_LANGUAGE_STANDARD = "gnu++14";
				CLANG_CXX_LIBRARY = "libc++";
				CLANG_ENABLE_MODULES = YES;
				CLANG_ENABLE_OBJC_ARC = YES;
				CLANG_ENABLE_OBJC_WEAK = YES;
				CLANG_WARN_BLOCK_CAPTURE_AUTORELEASING = YES;
				CLANG_WARN_BOOL_CONVERSION = YES;
				CLANG_WARN_COMMA = YES;
				CLANG_WARN_CONSTANT_CONVERSION = YES;
				CLANG_WARN_DEPRECATED_OBJC_IMPLEMENTATIONS = YES;
				CLANG_WARN_DIRECT_OBJC_ISA_USAGE = YES_ERROR;
				CLANG_WARN_DOCUMENTATION_COMMENTS = YES;
				CLANG_WARN_EMPTY_BODY = YES;
				CLANG_WARN_ENUM_CONVERSION = YES;
				CLANG_WARN_INFINITE_RECURSION = YES;
				CLANG_WARN_INT_CONVERSION = YES;
				CLANG_WARN_NON_LITERAL_NULL_CONVERSION = YES;
				CLANG_WARN_OBJC_IMPLICIT_RETAIN_SELF = YES;
				CLANG_WARN_OBJC_LITERAL_CONVERSION = YES;
				CLANG_WARN_OBJC_ROOT_CLASS = YES_ERROR;
				CLANG_WARN_QUOTED_INCLUDE_IN_FRAMEWORK_HEADER = YES;
				CLANG_WARN_RANGE_LOOP_ANALYSIS = YES;
				CLANG_WARN_STRICT_PROTOTYPES = YES;
				CLANG_WARN_SUSPICIOUS_MOVE = YES;
				CLANG_WARN_UNGUARDED_AVAILABILITY = YES_AGGRESSIVE;
				CLANG_WARN_UNREACHABLE_CODE = YES;
				CLANG_WARN__DUPLICATE_METHOD_MATCH = YES;
				COPY_PHASE_STRIP = NO;
				DEBUG_INFORMATION_FORMAT = dwarf;
				ENABLE_STRICT_OBJC_MSGSEND = YES;
				ENABLE_TESTABILITY = YES;
				GCC_C_LANGUAGE_STANDARD = gnu11;
				GCC_DYNAMIC_NO_PIC = NO;
				GCC_NO_COMMON_BLOCKS = YES;
				GCC_OPTIMIZATION_LEVEL = 0;
				GCC_PREPROCESSOR_DEFINITIONS = (
					"DEBUG=1",
					"$(inherited)",
				);
				GCC_WARN_64_TO_32_BIT_CONVERSION = YES;
				GCC_WARN_ABOUT_RETURN_TYPE = YES_ERROR;
				GCC_WARN_UNDECLARED_SELECTOR = YES;
				GCC_WARN_UNINITIALIZED_AUTOS = YES_AGGRESSIVE;
				GCC_WARN_UNUSED_FUNCTION = YES;
				GCC_WARN_UNUSED_VARIABLE = YES;
				IPHONEOS_DEPLOYMENT_TARGET = 14.0;
				MTL_ENABLE_DEBUG_INFO = INCLUDE_SOURCE;
				MTL_FAST_MATH = YES;
				ONLY_ACTIVE_ARCH = YES;
				SDKROOT = iphoneos;
				SWIFT_ACTIVE_COMPILATION_CONDITIONS = DEBUG;
				SWIFT_OPTIMIZATION_LEVEL = "-Onone";
			};
			name = Debug;
		};
		E96E936B253723A2007267FC /* Release */ = {
			isa = XCBuildConfiguration;
			buildSettings = {
				ALWAYS_SEARCH_USER_PATHS = NO;
				CLANG_ANALYZER_NONNULL = YES;
				CLANG_ANALYZER_NUMBER_OBJECT_CONVERSION = YES_AGGRESSIVE;
				CLANG_CXX_LANGUAGE_STANDARD = "gnu++14";
				CLANG_CXX_LIBRARY = "libc++";
				CLANG_ENABLE_MODULES = YES;
				CLANG_ENABLE_OBJC_ARC = YES;
				CLANG_ENABLE_OBJC_WEAK = YES;
				CLANG_WARN_BLOCK_CAPTURE_AUTORELEASING = YES;
				CLANG_WARN_BOOL_CONVERSION = YES;
				CLANG_WARN_COMMA = YES;
				CLANG_WARN_CONSTANT_CONVERSION = YES;
				CLANG_WARN_DEPRECATED_OBJC_IMPLEMENTATIONS = YES;
				CLANG_WARN_DIRECT_OBJC_ISA_USAGE = YES_ERROR;
				CLANG_WARN_DOCUMENTATION_COMMENTS = YES;
				CLANG_WARN_EMPTY_BODY = YES;
				CLANG_WARN_ENUM_CONVERSION = YES;
				CLANG_WARN_INFINITE_RECURSION = YES;
				CLANG_WARN_INT_CONVERSION = YES;
				CLANG_WARN_NON_LITERAL_NULL_CONVERSION = YES;
				CLANG_WARN_OBJC_IMPLICIT_RETAIN_SELF = YES;
				CLANG_WARN_OBJC_LITERAL_CONVERSION = YES;
				CLANG_WARN_OBJC_ROOT_CLASS = YES_ERROR;
				CLANG_WARN_QUOTED_INCLUDE_IN_FRAMEWORK_HEADER = YES;
				CLANG_WARN_RANGE_LOOP_ANALYSIS = YES;
				CLANG_WARN_STRICT_PROTOTYPES = YES;
				CLANG_WARN_SUSPICIOUS_MOVE = YES;
				CLANG_WARN_UNGUARDED_AVAILABILITY = YES_AGGRESSIVE;
				CLANG_WARN_UNREACHABLE_CODE = YES;
				CLANG_WARN__DUPLICATE_METHOD_MATCH = YES;
				COPY_PHASE_STRIP = NO;
				DEBUG_INFORMATION_FORMAT = "dwarf-with-dsym";
				ENABLE_NS_ASSERTIONS = NO;
				ENABLE_STRICT_OBJC_MSGSEND = YES;
				GCC_C_LANGUAGE_STANDARD = gnu11;
				GCC_NO_COMMON_BLOCKS = YES;
				GCC_WARN_64_TO_32_BIT_CONVERSION = YES;
				GCC_WARN_ABOUT_RETURN_TYPE = YES_ERROR;
				GCC_WARN_UNDECLARED_SELECTOR = YES;
				GCC_WARN_UNINITIALIZED_AUTOS = YES_AGGRESSIVE;
				GCC_WARN_UNUSED_FUNCTION = YES;
				GCC_WARN_UNUSED_VARIABLE = YES;
				IPHONEOS_DEPLOYMENT_TARGET = 14.0;
				MTL_ENABLE_DEBUG_INFO = NO;
				MTL_FAST_MATH = YES;
				SDKROOT = iphoneos;
				SWIFT_COMPILATION_MODE = wholemodule;
				SWIFT_OPTIMIZATION_LEVEL = "-O";
				VALIDATE_PRODUCT = YES;
			};
			name = Release;
		};
		E96E936D253723A2007267FC /* Debug */ = {
			isa = XCBuildConfiguration;
			buildSettings = {
				ASSETCATALOG_COMPILER_APPICON_NAME = AppIcon;
				ASSETCATALOG_COMPILER_GLOBAL_ACCENT_COLOR_NAME = AccentColor;
				CODE_SIGN_ENTITLEMENTS = ShoppingList/ShoppingList.entitlements;
				CODE_SIGN_STYLE = Automatic;
				DEVELOPMENT_TEAM = BABNQ3LD22;
				INFOPLIST_FILE = ShoppingList/Info.plist;
				LD_RUNPATH_SEARCH_PATHS = (
					"$(inherited)",
					"@executable_path/Frameworks",
				);
				PRODUCT_BUNDLE_IDENTIFIER = com.talesconrado.ShoppingList;
				PRODUCT_NAME = "$(TARGET_NAME)";
				SWIFT_VERSION = 5.0;
				TARGETED_DEVICE_FAMILY = 1;
			};
			name = Debug;
		};
		E96E936E253723A2007267FC /* Release */ = {
			isa = XCBuildConfiguration;
			buildSettings = {
				ASSETCATALOG_COMPILER_APPICON_NAME = AppIcon;
				ASSETCATALOG_COMPILER_GLOBAL_ACCENT_COLOR_NAME = AccentColor;
				CODE_SIGN_ENTITLEMENTS = ShoppingList/ShoppingList.entitlements;
				CODE_SIGN_STYLE = Automatic;
				DEVELOPMENT_TEAM = BABNQ3LD22;
				INFOPLIST_FILE = ShoppingList/Info.plist;
				LD_RUNPATH_SEARCH_PATHS = (
					"$(inherited)",
					"@executable_path/Frameworks",
				);
				PRODUCT_BUNDLE_IDENTIFIER = com.talesconrado.ShoppingList;
				PRODUCT_NAME = "$(TARGET_NAME)";
				SWIFT_VERSION = 5.0;
				TARGETED_DEVICE_FAMILY = 1;
			};
			name = Release;
		};
/* End XCBuildConfiguration section */

/* Begin XCConfigurationList section */
		E96E9350253723A2007267FC /* Build configuration list for PBXProject "ShoppingList" */ = {
			isa = XCConfigurationList;
			buildConfigurations = (
				E96E936A253723A2007267FC /* Debug */,
				E96E936B253723A2007267FC /* Release */,
			);
			defaultConfigurationIsVisible = 0;
			defaultConfigurationName = Release;
		};
		E96E936C253723A2007267FC /* Build configuration list for PBXNativeTarget "ShoppingList" */ = {
			isa = XCConfigurationList;
			buildConfigurations = (
				E96E936D253723A2007267FC /* Debug */,
				E96E936E253723A2007267FC /* Release */,
			);
			defaultConfigurationIsVisible = 0;
			defaultConfigurationName = Release;
		};
/* End XCConfigurationList section */

/* Begin XCVersionGroup section */
		E96E9361253723A2007267FC /* ShoppingList.xcdatamodeld */ = {
			isa = XCVersionGroup;
			children = (
				E96E9362253723A2007267FC /* ShoppingList.xcdatamodel */,
			);
			currentVersion = E96E9362253723A2007267FC /* ShoppingList.xcdatamodel */;
			path = ShoppingList.xcdatamodeld;
			sourceTree = "<group>";
			versionGroupType = wrapper.xcdatamodel;
		};
/* End XCVersionGroup section */
	};
	rootObject = E96E934D253723A2007267FC /* Project object */;
}
